// !$*UTF8*$!
{
	archiveVersion = 1;
	classes = {
	};
	objectVersion = 46;
	objects = {

/* Begin PBXBuildFile section */
		7B2C17481D20128B005B7575 /* main.m in Sources */ = {isa = PBXBuildFile; fileRef = 7B2C17471D20128B005B7575 /* main.m */; };
		7B2C174B1D20128B005B7575 /* AppDelegate.m in Sources */ = {isa = PBXBuildFile; fileRef = 7B2C174A1D20128B005B7575 /* AppDelegate.m */; };
		7B2C17511D20128B005B7575 /* Main.storyboard in Resources */ = {isa = PBXBuildFile; fileRef = 7B2C174F1D20128B005B7575 /* Main.storyboard */; };
		7B2C17531D20128B005B7575 /* Assets.xcassets in Resources */ = {isa = PBXBuildFile; fileRef = 7B2C17521D20128B005B7575 /* Assets.xcassets */; };
		7B2C17561D20128B005B7575 /* LaunchScreen.storyboard in Resources */ = {isa = PBXBuildFile; fileRef = 7B2C17541D20128B005B7575 /* LaunchScreen.storyboard */; };
/* End PBXBuildFile section */

/* Begin PBXFileReference section */
		7B2C17431D20128A005B7575 /* ntyjapp.app */ = {isa = PBXFileReference; explicitFileType = wrapper.application; includeInIndex = 0; path = ntyjapp.app; sourceTree = BUILT_PRODUCTS_DIR; };
		7B2C17471D20128B005B7575 /* main.m */ = {isa = PBXFileReference; lastKnownFileType = sourcecode.c.objc; path = main.m; sourceTree = "<group>"; };
		7B2C17491D20128B005B7575 /* AppDelegate.h */ = {isa = PBXFileReference; lastKnownFileType = sourcecode.c.h; path = AppDelegate.h; sourceTree = "<group>"; };
		7B2C174A1D20128B005B7575 /* AppDelegate.m */ = {isa = PBXFileReference; lastKnownFileType = sourcecode.c.objc; path = AppDelegate.m; sourceTree = "<group>"; };
		7B2C17501D20128B005B7575 /* Base */ = {isa = PBXFileReference; lastKnownFileType = file.storyboard; name = Base; path = Base.lproj/Main.storyboard; sourceTree = "<group>"; };
		7B2C17521D20128B005B7575 /* Assets.xcassets */ = {isa = PBXFileReference; lastKnownFileType = folder.assetcatalog; path = Assets.xcassets; sourceTree = "<group>"; };
		7B2C17551D20128B005B7575 /* Base */ = {isa = PBXFileReference; lastKnownFileType = file.storyboard; name = Base; path = Base.lproj/LaunchScreen.storyboard; sourceTree = "<group>"; };
		7B2C17571D20128B005B7575 /* Info.plist */ = {isa = PBXFileReference; lastKnownFileType = text.plist.xml; path = Info.plist; sourceTree = "<group>"; };
/* End PBXFileReference section */

/* Begin PBXFrameworksBuildPhase section */
		7B2C17401D201289005B7575 /* Frameworks */ = {
			isa = PBXFrameworksBuildPhase;
			buildActionMask = 2147483647;
			files = (
			);
			runOnlyForDeploymentPostprocessing = 0;
		};
/* End PBXFrameworksBuildPhase section */

/* Begin PBXGroup section */
		7B2C173A1D201289005B7575 = {
			isa = PBXGroup;
			children = (
				7B2C17451D20128B005B7575 /* ntyjapp */,
				7B2C17441D20128A005B7575 /* Products */,
			);
			sourceTree = "<group>";
		};
		7B2C17441D20128A005B7575 /* Products */ = {
			isa = PBXGroup;
			children = (
				7B2C17431D20128A005B7575 /* ntyjapp.app */,
			);
			name = Products;
			sourceTree = "<group>";
		};
		7B2C17451D20128B005B7575 /* ntyjapp */ = {
			isa = PBXGroup;
			children = (
				7B2C17491D20128B005B7575 /* AppDelegate.h */,
				7B2C174A1D20128B005B7575 /* AppDelegate.m */,
				7B2C174F1D20128B005B7575 /* Main.storyboard */,
				7B2C17521D20128B005B7575 /* Assets.xcassets */,
				7B2C17541D20128B005B7575 /* LaunchScreen.storyboard */,
				7B2C17571D20128B005B7575 /* Info.plist */,
				7B2C17461D20128B005B7575 /* Supporting Files */,
			);
			path = ntyjapp;
			sourceTree = "<group>";
		};
		7B2C17461D20128B005B7575 /* Supporting Files */ = {
			isa = PBXGroup;
			children = (
				7B2C17471D20128B005B7575 /* main.m */,
			);
			name = "Supporting Files";
			sourceTree = "<group>";
		};
/* End PBXGroup section */

/* Begin PBXNativeTarget section */
		7B2C17421D201289005B7575 /* ntyjapp */ = {
			isa = PBXNativeTarget;
			buildConfigurationList = 7B2C175A1D20128B005B7575 /* Build configuration list for PBXNativeTarget "ntyjapp" */;
			buildPhases = (
				7B2C173F1D201289005B7575 /* Sources */,
				7B2C17401D201289005B7575 /* Frameworks */,
				7B2C17411D201289005B7575 /* Resources */,
			);
			buildRules = (
			);
			dependencies = (
			);
			name = ntyjapp;
			productName = ntyjapp;
			productReference = 7B2C17431D20128A005B7575 /* ntyjapp.app */;
			productType = "com.apple.product-type.application";
		};
/* End PBXNativeTarget section */

/* Begin PBXProject section */
		7B2C173B1D201289005B7575 /* Project object */ = {
			isa = PBXProject;
			attributes = {
				LastUpgradeCheck = 0730;
				ORGANIZATIONNAME = YXG;
				TargetAttributes = {
					7B2C17421D201289005B7575 = {
						CreatedOnToolsVersion = 7.3.1;
					};
				};
			};
			buildConfigurationList = 7B2C173E1D201289005B7575 /* Build configuration list for PBXProject "ntyjapp" */;
			compatibilityVersion = "Xcode 3.2";
			developmentRegion = English;
			hasScannedForEncodings = 0;
			knownRegions = (
				en,
				Base,
			);
			mainGroup = 7B2C173A1D201289005B7575;
			productRefGroup = 7B2C17441D20128A005B7575 /* Products */;
			projectDirPath = "";
			projectRoot = "";
			targets = (
				7B2C17421D201289005B7575 /* ntyjapp */,
			);
		};
/* End PBXProject section */

/* Begin PBXResourcesBuildPhase section */
		7B2C17411D201289005B7575 /* Resources */ = {
			isa = PBXResourcesBuildPhase;
			buildActionMask = 2147483647;
			files = (
				7B2C17561D20128B005B7575 /* LaunchScreen.storyboard in Resources */,
				7B2C17531D20128B005B7575 /* Assets.xcassets in Resources */,
				7B2C17511D20128B005B7575 /* Main.storyboard in Resources */,
			);
			runOnlyForDeploymentPostprocessing = 0;
		};
/* End PBXResourcesBuildPhase section */

/* Begin PBXSourcesBuildPhase section */
		7B2C173F1D201289005B7575 /* Sources */ = {
			isa = PBXSourcesBuildPhase;
			buildActionMask = 2147483647;
			files = (
				7B2C174B1D20128B005B7575 /* AppDelegate.m in Sources */,
				7B2C17481D20128B005B7575 /* main.m in Sources */,
			);
			runOnlyForDeploymentPostprocessing = 0;
		};
/* End PBXSourcesBuildPhase section */

/* Begin PBXVariantGroup section */
		7B2C174F1D20128B005B7575 /* Main.storyboard */ = {
			isa = PBXVariantGroup;
			children = (
				7B2C17501D20128B005B7575 /* Base */,
			);
			name = Main.storyboard;
			sourceTree = "<group>";
		};
		7B2C17541D20128B005B7575 /* LaunchScreen.storyboard */ = {
			isa = PBXVariantGroup;
			children = (
				7B2C17551D20128B005B7575 /* Base */,
			);
			name = LaunchScreen.storyboard;
			sourceTree = "<group>";
		};
/* End PBXVariantGroup section */

/* Begin XCBuildConfiguration section */
		7B2C17581D20128B005B7575 /* Debug */ = {
			isa = XCBuildConfiguration;
			buildSettings = {
				ALWAYS_SEARCH_USER_PATHS = NO;
				CLANG_ANALYZER_NONNULL = YES;
				CLANG_CXX_LANGUAGE_STANDARD = "gnu++0x";
				CLANG_CXX_LIBRARY = "libc++";
				CLANG_ENABLE_MODULES = YES;
				CLANG_ENABLE_OBJC_ARC = YES;
				CLANG_WARN_BOOL_CONVERSION = YES;
				CLANG_WARN_CONSTANT_CONVERSION = YES;
				CLANG_WARN_DIRECT_OBJC_ISA_USAGE = YES_ERROR;
				CLANG_WARN_EMPTY_BODY = YES;
				CLANG_WARN_ENUM_CONVERSION = YES;
				CLANG_WARN_INT_CONVERSION = YES;
				CLANG_WARN_OBJC_ROOT_CLASS = YES_ERROR;
				CLANG_WARN_UNREACHABLE_CODE = YES;
				CLANG_WARN__DUPLICATE_METHOD_MATCH = YES;
				"CODE_SIGN_IDENTITY[sdk=iphoneos*]" = "iPhone Developer";
				COPY_PHASE_STRIP = NO;
				DEBUG_INFORMATION_FORMAT = dwarf;
				ENABLE_STRICT_OBJC_MSGSEND = YES;
				ENABLE_TESTABILITY = YES;
				GCC_C_LANGUAGE_STANDARD = gnu99;
				GCC_DYNAMIC_NO_PIC = NO;
				GCC_NO_COMMON_BLOCKS = YES;
				GCC_OPTIMIZATION_LEVEL = 0;
				GCC_PREPROCESSOR_DEFINITIONS = (
					"DEBUG=1",
					"$(inherited)",
				);
				GCC_WARN_64_TO_32_BIT_CONVERSION = YES;
				GCC_WARN_ABOUT_RETURN_TYPE = YES_ERROR;
				GCC_WARN_UNDECLARED_SELECTOR = YES;
				GCC_WARN_UNINITIALIZED_AUTOS = YES_AGGRESSIVE;
				GCC_WARN_UNUSED_FUNCTION = YES;
				GCC_WARN_UNUSED_VARIABLE = YES;
				IPHONEOS_DEPLOYMENT_TARGET = 9.3;
				MTL_ENABLE_DEBUG_INFO = YES;
				ONLY_ACTIVE_ARCH = YES;
				SDKROOT = iphoneos;
			};
			name = Debug;
		};
		7B2C17591D20128B005B7575 /* Release */ = {
			isa = XCBuildConfiguration;
			buildSettings = {
				ALWAYS_SEARCH_USER_PATHS = NO;
				CLANG_ANALYZER_NONNULL = YES;
				CLANG_CXX_LANGUAGE_STANDARD = "gnu++0x";
				CLANG_CXX_LIBRARY = "libc++";
				CLANG_ENABLE_MODULES = YES;
				CLANG_ENABLE_OBJC_ARC = YES;
				CLANG_WARN_BOOL_CONVERSION = YES;
				CLANG_WARN_CONSTANT_CONVERSION = YES;
				CLANG_WARN_DIRECT_OBJC_ISA_USAGE = YES_ERROR;
				CLANG_WARN_EMPTY_BODY = YES;
				CLANG_WARN_ENUM_CONVERSION = YES;
				CLANG_WARN_INT_CONVERSION = YES;
				CLANG_WARN_OBJC_ROOT_CLASS = YES_ERROR;
				CLANG_WARN_UNREACHABLE_CODE = YES;
				CLANG_WARN__DUPLICATE_METHOD_MATCH = YES;
				"CODE_SIGN_IDENTITY[sdk=iphoneos*]" = "iPhone Developer";
				COPY_PHASE_STRIP = NO;
				DEBUG_INFORMATION_FORMAT = "dwarf-with-dsym";
				ENABLE_NS_ASSERTIONS = NO;
				ENABLE_STRICT_OBJC_MSGSEND = YES;
				GCC_C_LANGUAGE_STANDARD = gnu99;
				GCC_NO_COMMON_BLOCKS = YES;
				GCC_WARN_64_TO_32_BIT_CONVERSION = YES;
				GCC_WARN_ABOUT_RETURN_TYPE = YES_ERROR;
				GCC_WARN_UNDECLARED_SELECTOR = YES;
				GCC_WARN_UNINITIALIZED_AUTOS = YES_AGGRESSIVE;
				GCC_WARN_UNUSED_FUNCTION = YES;
				GCC_WARN_UNUSED_VARIABLE = YES;
				IPHONEOS_DEPLOYMENT_TARGET = 9.3;
				MTL_ENABLE_DEBUG_INFO = NO;
				SDKROOT = iphoneos;
				VALIDATE_PRODUCT = YES;
			};
			name = Release;
		};
		7B2C175B1D20128B005B7575 /* Debug */ = {
			isa = XCBuildConfiguration;
			buildSettings = {
				ASSETCATALOG_COMPILER_APPICON_NAME = AppIcon;
				INFOPLIST_FILE = ntyjapp/Info.plist;
				LD_RUNPATH_SEARCH_PATHS = "$(inherited) @executable_path/Frameworks";
				PRODUCT_BUNDLE_IDENTIFIER = com.suypower.ntyjapp;
				PRODUCT_NAME = "$(TARGET_NAME)";
			};
			name = Debug;
		};
		7B2C175C1D20128B005B7575 /* Release */ = {
			isa = XCBuildConfiguration;
			buildSettings = {
				ASSETCATALOG_COMPILER_APPICON_NAME = AppIcon;
				INFOPLIST_FILE = ntyjapp/Info.plist;
				LD_RUNPATH_SEARCH_PATHS = "$(inherited) @executable_path/Frameworks";
				PRODUCT_BUNDLE_IDENTIFIER = com.suypower.ntyjapp;
				PRODUCT_NAME = "$(TARGET_NAME)";
			};
			name = Release;
		};
/* End XCBuildConfiguration section */

/* Begin XCConfigurationList section */
		7B2C173E1D201289005B7575 /* Build configuration list for PBXProject "ntyjapp" */ = {
			isa = XCConfigurationList;
			buildConfigurations = (
				7B2C17581D20128B005B7575 /* Debug */,
				7B2C17591D20128B005B7575 /* Release */,
			);
			defaultConfigurationIsVisible = 0;
			defaultConfigurationName = Release;
		};
		7B2C175A1D20128B005B7575 /* Build configuration list for PBXNativeTarget "ntyjapp" */ = {
			isa = XCConfigurationList;
			buildConfigurations = (
				7B2C175B1D20128B005B7575 /* Debug */,
				7B2C175C1D20128B005B7575 /* Release */,
			);
			defaultConfigurationIsVisible = 0;
		};
/* End XCConfigurationList section */
	};
	rootObject = 7B2C173B1D201289005B7575 /* Project object */;
}
